
Microsoft Visual Studio Solution File, Format Version 12.00
# Visual Studio Version 17
VisualStudioVersion = 17.11.35222.181
MinimumVisualStudioVersion = 10.0.40219.1
Project("{FAE04EC0-301F-11D3-BF4B-00C04F79EFBC}") = "MyPortfolio.Web", "MyPortfolio.Web\MyPortfolio.Web.csproj", "{0CC2FF58-20E3-400A-89D1-34185F1538BA}"
EndProject
Project("{FAE04EC0-301F-11D3-BF4B-00C04F79EFBC}") = "MyPortfolio.BLL", "MyPortfolio.BLL\MyPortfolio.BLL.csproj", "{97B79381-098A-4C7F-BDE1-2061FA85A41F}"
EndProject
Project("{FAE04EC0-301F-11D3-BF4B-00C04F79EFBC}") = "MyPortfolio.DAL", "MyPortfolio.DAL\MyPortfolio.DAL.csproj", "{A880E64D-092C-4D9D-89D9-5F6572A634B8}"
EndProject
Global
	GlobalSection(SolutionConfigurationPlatforms) = preSolution
		Debug|Any CPU = Debug|Any CPU
		Release|Any CPU = Release|Any CPU
	EndGlobalSection
	GlobalSection(ProjectConfigurationPlatforms) = postSolution
		{0CC2FF58-20E3-400A-89D1-34185F1538BA}.Debug|Any CPU.ActiveCfg = Debug|Any CPU
		{0CC2FF58-20E3-400A-89D1-34185F1538BA}.Debug|Any CPU.Build.0 = Debug|Any CPU
		{0CC2FF58-20E3-400A-89D1-34185F1538BA}.Release|Any CPU.ActiveCfg = Release|Any CPU
		{0CC2FF58-20E3-400A-89D1-34185F1538BA}.Release|Any CPU.Build.0 = Release|Any CPU
		{97B79381-098A-4C7F-BDE1-2061FA85A41F}.Debug|Any CPU.ActiveCfg = Debug|Any CPU
		{97B79381-098A-4C7F-BDE1-2061FA85A41F}.Debug|Any CPU.Build.0 = Debug|Any CPU
		{97B79381-098A-4C7F-BDE1-2061FA85A41F}.Release|Any CPU.ActiveCfg = Release|Any CPU
		{97B79381-098A-4C7F-BDE1-2061FA85A41F}.Release|Any CPU.Build.0 = Release|Any CPU
		{A880E64D-092C-4D9D-89D9-5F6572A634B8}.Debug|Any CPU.ActiveCfg = Debug|Any CPU
		{A880E64D-092C-4D9D-89D9-5F6572A634B8}.Debug|Any CPU.Build.0 = Debug|Any CPU
		{A880E64D-092C-4D9D-89D9-5F6572A634B8}.Release|Any CPU.ActiveCfg = Release|Any CPU
		{A880E64D-092C-4D9D-89D9-5F6572A634B8}.Release|Any CPU.Build.0 = Release|Any CPU
	EndGlobalSection
	GlobalSection(SolutionProperties) = preSolution
		HideSolutionNode = FALSE
	EndGlobalSection
	GlobalSection(ExtensibilityGlobals) = postSolution
		SolutionGuid = {76834EDF-FF28-4BE0-9D18-3BEDF5E8B625}
	EndGlobalSection
EndGlobal
